
Microsoft Visual Studio Solution File, Format Version 12.00
# Visual Studio Version 16
VisualStudioVersion = 16.0.31402.337
MinimumVisualStudioVersion = 10.0.40219.1
Project("{2150E333-8FDC-42A3-9474-1A3956D46DE8}") = "Services", "Services", "{173C3D0D-D6F0-46B7-BBAB-25F09FD106D9}"
EndProject
Project("{2150E333-8FDC-42A3-9474-1A3956D46DE8}") = "BuildingBlocks", "BuildingBlocks", "{641AC51C-72EE-47CE-8959-DCE77220EC66}"
EndProject
Project("{2150E333-8FDC-42A3-9474-1A3956D46DE8}") = "ApiGateways", "ApiGateways", "{474E13B6-57BD-4061-8291-9AD8D5F75A1E}"
EndProject
Project("{9A19103F-16F7-4668-BE54-9A1E7A4F7556}") = "Catalog.API", "Services\Catalog\Catalog.API\Catalog.API.csproj", "{8C9BC397-A558-462F-959D-4C3390A5D7AC}"
EndProject
Project("{2150E333-8FDC-42A3-9474-1A3956D46DE8}") = "Logging", "Logging", "{C77309ED-B64E-42BC-8716-0A86DC0E8321}"
EndProject
Project("{9A19103F-16F7-4668-BE54-9A1E7A4F7556}") = "Common.Logging", "BuildingBlocks\Logging\Common.Logging\Common.Logging.csproj", "{D4AD2A3C-38A6-4CB7-8F3B-AAA4F24139C3}"
EndProject
Project("{9A19103F-16F7-4668-BE54-9A1E7A4F7556}") = "OcelotApiGateway", "ApiGateways\OcelotApiGateway\OcelotApiGateway.csproj", "{DFFA842E-2B76-48F7-92CA-C9B42C8ADDA4}"
EndProject
Project("{2150E333-8FDC-42A3-9474-1A3956D46DE8}") = "CommonParts", "CommonParts", "{35BD974B-1C28-4863-8BDB-83D1BA74656C}"
EndProject
Project("{9A19103F-16F7-4668-BE54-9A1E7A4F7556}") = "Services.Common", "BuildingBlocks\CommonParts\Services.Common\Services.Common.csproj", "{700B17DC-8462-4BAF-87DA-DF4455C0976B}"
EndProject
Project("{E53339B2-1760-4266-BCC7-CA923CBCF16C}") = "docker-compose", "docker-compose.dcproj", "{88474A61-699B-478D-870E-E768018E94BF}"
EndProject
Project("{2150E333-8FDC-42A3-9474-1A3956D46DE8}") = "WebApps", "WebApps", "{2CCEB277-15D7-4D98-801E-4A19652BDDAD}"
EndProject
Project("{9A19103F-16F7-4668-BE54-9A1E7A4F7556}") = "WebStatus", "WebApps\WebStatus\WebStatus.csproj", "{63359D9C-DCF2-48D1-80A4-1CDFD4473769}"
EndProject
Project("{2150E333-8FDC-42A3-9474-1A3956D46DE8}") = "Catalog", "Catalog", "{14F3143B-4E9A-44C6-8CEB-29A7A29C4836}"
EndProject
Project("{2150E333-8FDC-42A3-9474-1A3956D46DE8}") = "Identity", "Identity", "{91FC20B7-1AC6-42CE-95F6-D77D1F426256}"
EndProject
Project("{9A19103F-16F7-4668-BE54-9A1E7A4F7556}") = "Identity.API", "Services\Identity\Identity.API\Identity.API.csproj", "{B67BD310-A316-4F65-A6EC-55FAA98AB6A2}"
EndProject
Project("{9A19103F-16F7-4668-BE54-9A1E7A4F7556}") = "Identity.Application", "Services\Identity\Identity.Application\Identity.Application.csproj", "{1BBA2296-D9BF-491F-BF70-13EE79AFA778}"
EndProject
Project("{9A19103F-16F7-4668-BE54-9A1E7A4F7556}") = "Identity.Domain", "Services\Identity\Identity.Domain\Identity.Domain.csproj", "{4ECB3FA3-9F16-4B71-87D1-BD18E317C6A5}"
EndProject
Project("{9A19103F-16F7-4668-BE54-9A1E7A4F7556}") = "Identity.Infrastructure", "Services\Identity\Identity.Infrastructure\Identity.Infrastructure.csproj", "{B06FE404-49F4-4A4F-B6DC-AC3A856EA2F5}"
EndProject
Project("{9A19103F-16F7-4668-BE54-9A1E7A4F7556}") = "Identity.Grpc", "Services\Identity\Identity.Grpc\Identity.Grpc.csproj", "{7404906C-AA30-4482-AEEF-EB3D267D619A}"
EndProject
Project("{FAE04EC0-301F-11D3-BF4B-00C04F79EFBC}") = "Catalog.Tests", "Services\Catalog\Catalog.Tests\Catalog.Tests.csproj", "{DCADF110-0AED-46FE-AC16-BA7BDDBB5DD3}"
EndProject
Global
	GlobalSection(SolutionConfigurationPlatforms) = preSolution
		Debug|Any CPU = Debug|Any CPU
		Release|Any CPU = Release|Any CPU
	EndGlobalSection
	GlobalSection(ProjectConfigurationPlatforms) = postSolution
		{8C9BC397-A558-462F-959D-4C3390A5D7AC}.Debug|Any CPU.ActiveCfg = Debug|Any CPU
		{8C9BC397-A558-462F-959D-4C3390A5D7AC}.Debug|Any CPU.Build.0 = Debug|Any CPU
		{8C9BC397-A558-462F-959D-4C3390A5D7AC}.Release|Any CPU.ActiveCfg = Release|Any CPU
		{8C9BC397-A558-462F-959D-4C3390A5D7AC}.Release|Any CPU.Build.0 = Release|Any CPU
		{D4AD2A3C-38A6-4CB7-8F3B-AAA4F24139C3}.Debug|Any CPU.ActiveCfg = Debug|Any CPU
		{D4AD2A3C-38A6-4CB7-8F3B-AAA4F24139C3}.Debug|Any CPU.Build.0 = Debug|Any CPU
		{D4AD2A3C-38A6-4CB7-8F3B-AAA4F24139C3}.Release|Any CPU.ActiveCfg = Release|Any CPU
		{D4AD2A3C-38A6-4CB7-8F3B-AAA4F24139C3}.Release|Any CPU.Build.0 = Release|Any CPU
		{DFFA842E-2B76-48F7-92CA-C9B42C8ADDA4}.Debug|Any CPU.ActiveCfg = Debug|Any CPU
		{DFFA842E-2B76-48F7-92CA-C9B42C8ADDA4}.Debug|Any CPU.Build.0 = Debug|Any CPU
		{DFFA842E-2B76-48F7-92CA-C9B42C8ADDA4}.Release|Any CPU.ActiveCfg = Release|Any CPU
		{DFFA842E-2B76-48F7-92CA-C9B42C8ADDA4}.Release|Any CPU.Build.0 = Release|Any CPU
		{700B17DC-8462-4BAF-87DA-DF4455C0976B}.Debug|Any CPU.ActiveCfg = Debug|Any CPU
		{700B17DC-8462-4BAF-87DA-DF4455C0976B}.Debug|Any CPU.Build.0 = Debug|Any CPU
		{700B17DC-8462-4BAF-87DA-DF4455C0976B}.Release|Any CPU.ActiveCfg = Release|Any CPU
		{700B17DC-8462-4BAF-87DA-DF4455C0976B}.Release|Any CPU.Build.0 = Release|Any CPU
		{88474A61-699B-478D-870E-E768018E94BF}.Debug|Any CPU.ActiveCfg = Debug|Any CPU
		{88474A61-699B-478D-870E-E768018E94BF}.Debug|Any CPU.Build.0 = Debug|Any CPU
		{88474A61-699B-478D-870E-E768018E94BF}.Release|Any CPU.ActiveCfg = Release|Any CPU
		{88474A61-699B-478D-870E-E768018E94BF}.Release|Any CPU.Build.0 = Release|Any CPU
		{63359D9C-DCF2-48D1-80A4-1CDFD4473769}.Debug|Any CPU.ActiveCfg = Debug|Any CPU
		{63359D9C-DCF2-48D1-80A4-1CDFD4473769}.Debug|Any CPU.Build.0 = Debug|Any CPU
		{63359D9C-DCF2-48D1-80A4-1CDFD4473769}.Release|Any CPU.ActiveCfg = Release|Any CPU
		{63359D9C-DCF2-48D1-80A4-1CDFD4473769}.Release|Any CPU.Build.0 = Release|Any CPU
		{B67BD310-A316-4F65-A6EC-55FAA98AB6A2}.Debug|Any CPU.ActiveCfg = Debug|Any CPU
		{B67BD310-A316-4F65-A6EC-55FAA98AB6A2}.Debug|Any CPU.Build.0 = Debug|Any CPU
		{B67BD310-A316-4F65-A6EC-55FAA98AB6A2}.Release|Any CPU.ActiveCfg = Release|Any CPU
		{B67BD310-A316-4F65-A6EC-55FAA98AB6A2}.Release|Any CPU.Build.0 = Release|Any CPU
		{1BBA2296-D9BF-491F-BF70-13EE79AFA778}.Debug|Any CPU.ActiveCfg = Debug|Any CPU
		{1BBA2296-D9BF-491F-BF70-13EE79AFA778}.Debug|Any CPU.Build.0 = Debug|Any CPU
		{1BBA2296-D9BF-491F-BF70-13EE79AFA778}.Release|Any CPU.ActiveCfg = Release|Any CPU
		{1BBA2296-D9BF-491F-BF70-13EE79AFA778}.Release|Any CPU.Build.0 = Release|Any CPU
		{4ECB3FA3-9F16-4B71-87D1-BD18E317C6A5}.Debug|Any CPU.ActiveCfg = Debug|Any CPU
		{4ECB3FA3-9F16-4B71-87D1-BD18E317C6A5}.Debug|Any CPU.Build.0 = Debug|Any CPU
		{4ECB3FA3-9F16-4B71-87D1-BD18E317C6A5}.Release|Any CPU.ActiveCfg = Release|Any CPU
		{4ECB3FA3-9F16-4B71-87D1-BD18E317C6A5}.Release|Any CPU.Build.0 = Release|Any CPU
		{B06FE404-49F4-4A4F-B6DC-AC3A856EA2F5}.Debug|Any CPU.ActiveCfg = Debug|Any CPU
		{B06FE404-49F4-4A4F-B6DC-AC3A856EA2F5}.Debug|Any CPU.Build.0 = Debug|Any CPU
		{B06FE404-49F4-4A4F-B6DC-AC3A856EA2F5}.Release|Any CPU.ActiveCfg = Release|Any CPU
		{B06FE404-49F4-4A4F-B6DC-AC3A856EA2F5}.Release|Any CPU.Build.0 = Release|Any CPU
		{7404906C-AA30-4482-AEEF-EB3D267D619A}.Debug|Any CPU.ActiveCfg = Debug|Any CPU
		{7404906C-AA30-4482-AEEF-EB3D267D619A}.Debug|Any CPU.Build.0 = Debug|Any CPU
		{7404906C-AA30-4482-AEEF-EB3D267D619A}.Release|Any CPU.ActiveCfg = Release|Any CPU
		{7404906C-AA30-4482-AEEF-EB3D267D619A}.Release|Any CPU.Build.0 = Release|Any CPU
		{DCADF110-0AED-46FE-AC16-BA7BDDBB5DD3}.Debug|Any CPU.ActiveCfg = Debug|Any CPU
		{DCADF110-0AED-46FE-AC16-BA7BDDBB5DD3}.Debug|Any CPU.Build.0 = Debug|Any CPU
		{DCADF110-0AED-46FE-AC16-BA7BDDBB5DD3}.Release|Any CPU.ActiveCfg = Release|Any CPU
		{DCADF110-0AED-46FE-AC16-BA7BDDBB5DD3}.Release|Any CPU.Build.0 = Release|Any CPU
	EndGlobalSection
	GlobalSection(SolutionProperties) = preSolution
		HideSolutionNode = FALSE
	EndGlobalSection
	GlobalSection(NestedProjects) = preSolution
		{8C9BC397-A558-462F-959D-4C3390A5D7AC} = {14F3143B-4E9A-44C6-8CEB-29A7A29C4836}
		{C77309ED-B64E-42BC-8716-0A86DC0E8321} = {641AC51C-72EE-47CE-8959-DCE77220EC66}
		{D4AD2A3C-38A6-4CB7-8F3B-AAA4F24139C3} = {C77309ED-B64E-42BC-8716-0A86DC0E8321}
		{DFFA842E-2B76-48F7-92CA-C9B42C8ADDA4} = {474E13B6-57BD-4061-8291-9AD8D5F75A1E}
		{35BD974B-1C28-4863-8BDB-83D1BA74656C} = {641AC51C-72EE-47CE-8959-DCE77220EC66}
		{700B17DC-8462-4BAF-87DA-DF4455C0976B} = {35BD974B-1C28-4863-8BDB-83D1BA74656C}
		{63359D9C-DCF2-48D1-80A4-1CDFD4473769} = {2CCEB277-15D7-4D98-801E-4A19652BDDAD}
		{14F3143B-4E9A-44C6-8CEB-29A7A29C4836} = {173C3D0D-D6F0-46B7-BBAB-25F09FD106D9}
		{91FC20B7-1AC6-42CE-95F6-D77D1F426256} = {173C3D0D-D6F0-46B7-BBAB-25F09FD106D9}
		{B67BD310-A316-4F65-A6EC-55FAA98AB6A2} = {91FC20B7-1AC6-42CE-95F6-D77D1F426256}
		{1BBA2296-D9BF-491F-BF70-13EE79AFA778} = {91FC20B7-1AC6-42CE-95F6-D77D1F426256}
		{4ECB3FA3-9F16-4B71-87D1-BD18E317C6A5} = {91FC20B7-1AC6-42CE-95F6-D77D1F426256}
		{B06FE404-49F4-4A4F-B6DC-AC3A856EA2F5} = {91FC20B7-1AC6-42CE-95F6-D77D1F426256}
		{7404906C-AA30-4482-AEEF-EB3D267D619A} = {91FC20B7-1AC6-42CE-95F6-D77D1F426256}
		{DCADF110-0AED-46FE-AC16-BA7BDDBB5DD3} = {14F3143B-4E9A-44C6-8CEB-29A7A29C4836}
	EndGlobalSection
	GlobalSection(ExtensibilityGlobals) = postSolution
		SolutionGuid = {214D941F-8C84-4074-B89D-4A5F90CDFC29}
	EndGlobalSection
EndGlobal
